
Microsoft Visual Studio Solution File, Format Version 12.00
# Visual Studio Version 17
VisualStudioVersion = 17.1.32210.238
MinimumVisualStudioVersion = 10.0.40219.1
Project("{FAE04EC0-301F-11D3-BF4B-00C04F79EFBC}") = "Test-Metoder", "Test-Metoder\Test-Metoder.csproj", "{9CD3EB68-5B7B-4214-8F7B-5D4A3F998F69}"
EndProject
Global
	GlobalSection(SolutionConfigurationPlatforms) = preSolution
		Debug|Any CPU = Debug|Any CPU
		Release|Any CPU = Release|Any CPU
	EndGlobalSection
	GlobalSection(ProjectConfigurationPlatforms) = postSolution
		{9CD3EB68-5B7B-4214-8F7B-5D4A3F998F69}.Debug|Any CPU.ActiveCfg = Debug|Any CPU
		{9CD3EB68-5B7B-4214-8F7B-5D4A3F998F69}.Debug|Any CPU.Build.0 = Debug|Any CPU
		{9CD3EB68-5B7B-4214-8F7B-5D4A3F998F69}.Release|Any CPU.ActiveCfg = Release|Any CPU
		{9CD3EB68-5B7B-4214-8F7B-5D4A3F998F69}.Release|Any CPU.Build.0 = Release|Any CPU
	EndGlobalSection
	GlobalSection(SolutionProperties) = preSolution
		HideSolutionNode = FALSE
	EndGlobalSection
	GlobalSection(ExtensibilityGlobals) = postSolution
		SolutionGuid = {D13742AB-58AA-47A7-862A-4750DBD29682}
	EndGlobalSection
EndGlobal
